
Microsoft Visual Studio Solution File, Format Version 12.00
# Visual Studio 15
VisualStudioVersion = 15.0.28307.902
MinimumVisualStudioVersion = 10.0.40219.1
Project("{9A19103F-16F7-4668-BE54-9A1E7A4F7556}") = "ClarionLinter", "ClarionLinter\ClarionLinter.csproj", "{EA14345E-7DC5-428A-AAC2-1AFCC6AE9278}"
EndProject
Project("{FAE04EC0-301F-11D3-BF4B-00C04F79EFBC}") = "ClarionLinterCLI", "ClarionLinterCLI\ClarionLinterCLI.csproj", "{1FAD4527-9590-4EC3-8C1C-0FF1F908FB5D}"
EndProject
Global
	GlobalSection(SolutionConfigurationPlatforms) = preSolution
		Debug|Any CPU = Debug|Any CPU
		Release|Any CPU = Release|Any CPU
	EndGlobalSection
	GlobalSection(ProjectConfigurationPlatforms) = postSolution
		{EA14345E-7DC5-428A-AAC2-1AFCC6AE9278}.Debug|Any CPU.ActiveCfg = Debug|Any CPU
		{EA14345E-7DC5-428A-AAC2-1AFCC6AE9278}.Debug|Any CPU.Build.0 = Debug|Any CPU
		{EA14345E-7DC5-428A-AAC2-1AFCC6AE9278}.Release|Any CPU.ActiveCfg = Release|Any CPU
		{EA14345E-7DC5-428A-AAC2-1AFCC6AE9278}.Release|Any CPU.Build.0 = Release|Any CPU
		{1FAD4527-9590-4EC3-8C1C-0FF1F908FB5D}.Debug|Any CPU.ActiveCfg = Debug|Any CPU
		{1FAD4527-9590-4EC3-8C1C-0FF1F908FB5D}.Debug|Any CPU.Build.0 = Debug|Any CPU
		{1FAD4527-9590-4EC3-8C1C-0FF1F908FB5D}.Release|Any CPU.ActiveCfg = Release|Any CPU
		{1FAD4527-9590-4EC3-8C1C-0FF1F908FB5D}.Release|Any CPU.Build.0 = Release|Any CPU
	EndGlobalSection
	GlobalSection(SolutionProperties) = preSolution
		HideSolutionNode = FALSE
	EndGlobalSection
	GlobalSection(ExtensibilityGlobals) = postSolution
		SolutionGuid = {DCD3B0B8-681A-49CD-8234-DE384A77CED1}
	EndGlobalSection
EndGlobal
